
Microsoft Visual Studio Solution File, Format Version 12.00
# Visual Studio 15
VisualStudioVersion = 15.0.27004.2009
MinimumVisualStudioVersion = 10.0.40219.1
Project("{FAE04EC0-301F-11D3-BF4B-00C04F79EFBC}") = "Advent2017", "Advent2017\Advent2017.csproj", "{C713C193-FE37-45F1-A812-7DDE4973BABA}"
EndProject
Project("{FAE04EC0-301F-11D3-BF4B-00C04F79EFBC}") = "AdventTest", "AdventTest\AdventTest.csproj", "{87F106C9-D65B-4B3F-B493-7AE60C5DAE56}"
EndProject
Global
	GlobalSection(SolutionConfigurationPlatforms) = preSolution
		Debug|Any CPU = Debug|Any CPU
		Release|Any CPU = Release|Any CPU
	EndGlobalSection
	GlobalSection(ProjectConfigurationPlatforms) = postSolution
		{C713C193-FE37-45F1-A812-7DDE4973BABA}.Debug|Any CPU.ActiveCfg = Debug|Any CPU
		{C713C193-FE37-45F1-A812-7DDE4973BABA}.Debug|Any CPU.Build.0 = Debug|Any CPU
		{C713C193-FE37-45F1-A812-7DDE4973BABA}.Release|Any CPU.ActiveCfg = Release|Any CPU
		{C713C193-FE37-45F1-A812-7DDE4973BABA}.Release|Any CPU.Build.0 = Release|Any CPU
		{87F106C9-D65B-4B3F-B493-7AE60C5DAE56}.Debug|Any CPU.ActiveCfg = Debug|Any CPU
		{87F106C9-D65B-4B3F-B493-7AE60C5DAE56}.Debug|Any CPU.Build.0 = Debug|Any CPU
		{87F106C9-D65B-4B3F-B493-7AE60C5DAE56}.Release|Any CPU.ActiveCfg = Release|Any CPU
		{87F106C9-D65B-4B3F-B493-7AE60C5DAE56}.Release|Any CPU.Build.0 = Release|Any CPU
	EndGlobalSection
	GlobalSection(SolutionProperties) = preSolution
		HideSolutionNode = FALSE
	EndGlobalSection
	GlobalSection(ExtensibilityGlobals) = postSolution
		SolutionGuid = {A2048377-0687-43BC-A640-3953CF3593B8}
	EndGlobalSection
EndGlobal
